
Microsoft Visual Studio Solution File, Format Version 12.00
# Visual Studio Version 17
VisualStudioVersion = 17.14.36301.6 d17.14
MinimumVisualStudioVersion = 10.0.40219.1
Project("{FAE04EC0-301F-11D3-BF4B-00C04F79EFBC}") = "CaesarAlgorithm", "SezarAlgorithm\CaesarAlgorithm.csproj", "{540414A5-F258-46BA-98E9-297BB6B73DA9}"
EndProject
Global
	GlobalSection(SolutionConfigurationPlatforms) = preSolution
		Debug|Any CPU = Debug|Any CPU
		Release|Any CPU = Release|Any CPU
	EndGlobalSection
	GlobalSection(ProjectConfigurationPlatforms) = postSolution
		{540414A5-F258-46BA-98E9-297BB6B73DA9}.Debug|Any CPU.ActiveCfg = Debug|Any CPU
		{540414A5-F258-46BA-98E9-297BB6B73DA9}.Debug|Any CPU.Build.0 = Debug|Any CPU
		{540414A5-F258-46BA-98E9-297BB6B73DA9}.Release|Any CPU.ActiveCfg = Release|Any CPU
		{540414A5-F258-46BA-98E9-297BB6B73DA9}.Release|Any CPU.Build.0 = Release|Any CPU
	EndGlobalSection
	GlobalSection(SolutionProperties) = preSolution
		HideSolutionNode = FALSE
	EndGlobalSection
	GlobalSection(ExtensibilityGlobals) = postSolution
		SolutionGuid = {514F90A4-8BC0-415D-B9D8-4D9E7E6D2A4F}
	EndGlobalSection
EndGlobal
